
Microsoft Visual Studio Solution File, Format Version 12.00
# Visual Studio Version 17
VisualStudioVersion = 17.6.33723.286
MinimumVisualStudioVersion = 10.0.40219.1
Project("{9A19103F-16F7-4668-BE54-9A1E7A4F7556}") = "GuessBot", "GuessBot\GuessBot.csproj", "{ADD9A5B7-0EDF-408E-AB24-5133390716DE}"
EndProject
Project("{9A19103F-16F7-4668-BE54-9A1E7A4F7556}") = "SearchAPI", "SearchAPI\SearchAPI.csproj", "{A199342B-FE88-4DF6-A67B-240EAA949F21}"
EndProject
Project("{9A19103F-16F7-4668-BE54-9A1E7A4F7556}") = "Utilities", "Utilities\Utilities.csproj", "{BC6C3F13-C398-4E5B-9DDA-AE0CA83FF750}"
EndProject
Project("{2150E333-8FDC-42A3-9474-1A3956D46DE8}") = "Desktop", "Desktop", "{A54FD611-FBF3-47F0-8182-56B8EEFAA272}"
EndProject
Project("{9A19103F-16F7-4668-BE54-9A1E7A4F7556}") = "AIBot.Server", "AIBot\Server\AIBot.Server.csproj", "{BAF92E47-CD3F-4227-AD53-839BAC724211}"
EndProject
Project("{9A19103F-16F7-4668-BE54-9A1E7A4F7556}") = "AIBot.Client", "AIBot\Client\AIBot.Client.csproj", "{7720306E-8DF0-4248-BCA4-DDCB358D95A9}"
EndProject
Project("{9A19103F-16F7-4668-BE54-9A1E7A4F7556}") = "AIBot.Shared", "AIBot\Shared\AIBot.Shared.csproj", "{FA2D4715-5AA0-42D4-ACCE-21E16E6174B6}"
EndProject
Project("{2150E333-8FDC-42A3-9474-1A3956D46DE8}") = "AIBot", "AIBot", "{1999612C-CA5D-469F-8852-FE3AA9E80521}"
EndProject
Project("{E24C65DC-7377-472B-9ABA-BC803B73C61A}") = "tekhub-main-nlp", "tekhub-main-nlp\", "{E171512C-FAB5-49D2-BC74-2DEA61DB9C86}"
	ProjectSection(WebsiteProperties) = preProject
		TargetFrameworkMoniker = ".NETFramework,Version%3Dv4.8"
		Debug.AspNetCompiler.VirtualPath = "/localhost_58135"
		Debug.AspNetCompiler.PhysicalPath = "tekhub-main-nlp\"
		Debug.AspNetCompiler.TargetPath = "PrecompiledWeb\localhost_58135\"
		Debug.AspNetCompiler.Updateable = "true"
		Debug.AspNetCompiler.ForceOverwrite = "true"
		Debug.AspNetCompiler.FixedNames = "false"
		Debug.AspNetCompiler.Debug = "True"
		Release.AspNetCompiler.VirtualPath = "/localhost_58135"
		Release.AspNetCompiler.PhysicalPath = "tekhub-main-nlp\"
		Release.AspNetCompiler.TargetPath = "PrecompiledWeb\localhost_58135\"
		Release.AspNetCompiler.Updateable = "true"
		Release.AspNetCompiler.ForceOverwrite = "true"
		Release.AspNetCompiler.FixedNames = "false"
		Release.AspNetCompiler.Debug = "False"
		VWDPort = "58135"
		SlnRelativePath = "tekhub-main-nlp\"
	EndProjectSection
EndProject
Project("{9A19103F-16F7-4668-BE54-9A1E7A4F7556}") = "CyberbianSite.Server", "CyberbianSite\Server\CyberbianSite.Server.csproj", "{29D89AA0-2370-4AF5-BE36-799BAD7E8D42}"
EndProject
Project("{9A19103F-16F7-4668-BE54-9A1E7A4F7556}") = "CyberbianSite.Client", "CyberbianSite\Client\CyberbianSite.Client.csproj", "{36A4384E-A151-4CFF-9BE4-E710F2A455D1}"
EndProject
Project("{9A19103F-16F7-4668-BE54-9A1E7A4F7556}") = "CyberbianSite.Shared", "CyberbianSite\Shared\CyberbianSite.Shared.csproj", "{5071239B-F80C-462B-8228-38AEBAFEBE1B}"
EndProject
Project("{2150E333-8FDC-42A3-9474-1A3956D46DE8}") = "Cyberbian", "Cyberbian", "{90189B6D-E92F-44AC-91BC-046844819A07}"
EndProject
Project("{2150E333-8FDC-42A3-9474-1A3956D46DE8}") = "Misc", "Misc", "{8ED3F762-7F16-4B01-BB4B-F18D1FDAA0E0}"
EndProject
Project("{2150E333-8FDC-42A3-9474-1A3956D46DE8}") = "D-ID", "D-ID", "{574E3A8D-28E2-47DF-A20D-7B81E551D683}"
EndProject
Project("{2150E333-8FDC-42A3-9474-1A3956D46DE8}") = "Data", "Data", "{4149AA14-F7F2-46BD-8298-EA6BCC2F047C}"
	ProjectSection(SolutionItems) = preProject
		clips-actors.json = clips-actors.json
	EndProjectSection
EndProject
Project("{9A19103F-16F7-4668-BE54-9A1E7A4F7556}") = "AspStudio", "template_asp_startup\AspStudio\AspStudio.csproj", "{D16C7092-656E-4C1A-80D5-C80AD48279AC}"
EndProject
Project("{9A19103F-16F7-4668-BE54-9A1E7A4F7556}") = "AspStudioFull", "template_asp\AspStudio\AspStudioFull.csproj", "{3C40ED05-5709-4A77-816E-25FDDA75D708}"
EndProject
Project("{2150E333-8FDC-42A3-9474-1A3956D46DE8}") = "Template", "Template", "{2DF86360-3AD8-4BAD-8CB1-D07C76B6BC1D}"
EndProject
Project("{9A19103F-16F7-4668-BE54-9A1E7A4F7556}") = "Schema", "Schema\Schema.csproj", "{4005D7F3-B8B7-430B-B380-8868F4FAC390}"
EndProject
Project("{9A19103F-16F7-4668-BE54-9A1E7A4F7556}") = "Cyberbian.Common", "Cyberbian.Common.Lib\Cyberbian.Common.csproj", "{F02CFD1A-DDA1-4E75-A962-0F05A59C5872}"
EndProject
Project("{9A19103F-16F7-4668-BE54-9A1E7A4F7556}") = "Cyberbian.Web.Webhook.Email", "Cyberbian.Web.Webhook.Email\Cyberbian.Web.Webhook.Email.csproj", "{E2546D74-F074-41A6-B737-CE40EB3D4716}"
EndProject
Project("{9A19103F-16F7-4668-BE54-9A1E7A4F7556}") = "Cyberbian.Data.ORM", "Cyberbian.Data.ORM\Cyberbian.Data.ORM.csproj", "{7A02E041-C2C9-4780-BD6D-514F4C2ACD8D}"
EndProject
Project("{2150E333-8FDC-42A3-9474-1A3956D46DE8}") = "Web", "Web", "{0AEC8391-D0DB-4A4E-91EC-F9AA34C6959E}"
EndProject
Project("{2150E333-8FDC-42A3-9474-1A3956D46DE8}") = "Lib", "Lib", "{AB9002E7-6614-4C60-A980-9EBFC48CF3C2}"
EndProject
Project("{9A19103F-16F7-4668-BE54-9A1E7A4F7556}") = "Cyberbian.Process.Main", "Cyberbian.Process.Main\Cyberbian.Process.Main.csproj", "{DDFB867F-CB36-4CA2-9B53-7BCD9D48CE01}"
EndProject
Project("{FAE04EC0-301F-11D3-BF4B-00C04F79EFBC}") = "Cyberbian.Process.Main.Lib", "Cyberbian.Process.Main.Lib\Cyberbian.Process.Main.Lib.csproj", "{D1595897-CB32-4274-ABBB-8C5350608D8D}"
EndProject
Project("{2150E333-8FDC-42A3-9474-1A3956D46DE8}") = "Postmark", "Postmark", "{4FC7980A-AA10-4F49-A2C4-84E6AD81D05A}"
	ProjectSection(SolutionItems) = preProject
		SampleIncomingEmail.json = SampleIncomingEmail.json
	EndProjectSection
EndProject
Global
	GlobalSection(SolutionConfigurationPlatforms) = preSolution
		Debug|Any CPU = Debug|Any CPU
		Release|Any CPU = Release|Any CPU
	EndGlobalSection
	GlobalSection(ProjectConfigurationPlatforms) = postSolution
		{ADD9A5B7-0EDF-408E-AB24-5133390716DE}.Debug|Any CPU.ActiveCfg = Debug|Any CPU
		{ADD9A5B7-0EDF-408E-AB24-5133390716DE}.Debug|Any CPU.Build.0 = Debug|Any CPU
		{ADD9A5B7-0EDF-408E-AB24-5133390716DE}.Release|Any CPU.ActiveCfg = Release|Any CPU
		{ADD9A5B7-0EDF-408E-AB24-5133390716DE}.Release|Any CPU.Build.0 = Release|Any CPU
		{A199342B-FE88-4DF6-A67B-240EAA949F21}.Debug|Any CPU.ActiveCfg = Debug|Any CPU
		{A199342B-FE88-4DF6-A67B-240EAA949F21}.Debug|Any CPU.Build.0 = Debug|Any CPU
		{A199342B-FE88-4DF6-A67B-240EAA949F21}.Release|Any CPU.ActiveCfg = Release|Any CPU
		{A199342B-FE88-4DF6-A67B-240EAA949F21}.Release|Any CPU.Build.0 = Release|Any CPU
		{BC6C3F13-C398-4E5B-9DDA-AE0CA83FF750}.Debug|Any CPU.ActiveCfg = Debug|Any CPU
		{BC6C3F13-C398-4E5B-9DDA-AE0CA83FF750}.Debug|Any CPU.Build.0 = Debug|Any CPU
		{BC6C3F13-C398-4E5B-9DDA-AE0CA83FF750}.Release|Any CPU.ActiveCfg = Release|Any CPU
		{BC6C3F13-C398-4E5B-9DDA-AE0CA83FF750}.Release|Any CPU.Build.0 = Release|Any CPU
		{BAF92E47-CD3F-4227-AD53-839BAC724211}.Debug|Any CPU.ActiveCfg = Debug|Any CPU
		{BAF92E47-CD3F-4227-AD53-839BAC724211}.Debug|Any CPU.Build.0 = Debug|Any CPU
		{BAF92E47-CD3F-4227-AD53-839BAC724211}.Release|Any CPU.ActiveCfg = Release|Any CPU
		{BAF92E47-CD3F-4227-AD53-839BAC724211}.Release|Any CPU.Build.0 = Release|Any CPU
		{7720306E-8DF0-4248-BCA4-DDCB358D95A9}.Debug|Any CPU.ActiveCfg = Debug|Any CPU
		{7720306E-8DF0-4248-BCA4-DDCB358D95A9}.Debug|Any CPU.Build.0 = Debug|Any CPU
		{7720306E-8DF0-4248-BCA4-DDCB358D95A9}.Release|Any CPU.ActiveCfg = Release|Any CPU
		{7720306E-8DF0-4248-BCA4-DDCB358D95A9}.Release|Any CPU.Build.0 = Release|Any CPU
		{FA2D4715-5AA0-42D4-ACCE-21E16E6174B6}.Debug|Any CPU.ActiveCfg = Debug|Any CPU
		{FA2D4715-5AA0-42D4-ACCE-21E16E6174B6}.Debug|Any CPU.Build.0 = Debug|Any CPU
		{FA2D4715-5AA0-42D4-ACCE-21E16E6174B6}.Release|Any CPU.ActiveCfg = Release|Any CPU
		{FA2D4715-5AA0-42D4-ACCE-21E16E6174B6}.Release|Any CPU.Build.0 = Release|Any CPU
		{E171512C-FAB5-49D2-BC74-2DEA61DB9C86}.Debug|Any CPU.ActiveCfg = Debug|Any CPU
		{E171512C-FAB5-49D2-BC74-2DEA61DB9C86}.Debug|Any CPU.Build.0 = Debug|Any CPU
		{E171512C-FAB5-49D2-BC74-2DEA61DB9C86}.Release|Any CPU.ActiveCfg = Debug|Any CPU
		{E171512C-FAB5-49D2-BC74-2DEA61DB9C86}.Release|Any CPU.Build.0 = Debug|Any CPU
		{29D89AA0-2370-4AF5-BE36-799BAD7E8D42}.Debug|Any CPU.ActiveCfg = Debug|Any CPU
		{29D89AA0-2370-4AF5-BE36-799BAD7E8D42}.Debug|Any CPU.Build.0 = Debug|Any CPU
		{29D89AA0-2370-4AF5-BE36-799BAD7E8D42}.Release|Any CPU.ActiveCfg = Release|Any CPU
		{29D89AA0-2370-4AF5-BE36-799BAD7E8D42}.Release|Any CPU.Build.0 = Release|Any CPU
		{36A4384E-A151-4CFF-9BE4-E710F2A455D1}.Debug|Any CPU.ActiveCfg = Debug|Any CPU
		{36A4384E-A151-4CFF-9BE4-E710F2A455D1}.Debug|Any CPU.Build.0 = Debug|Any CPU
		{36A4384E-A151-4CFF-9BE4-E710F2A455D1}.Release|Any CPU.ActiveCfg = Release|Any CPU
		{36A4384E-A151-4CFF-9BE4-E710F2A455D1}.Release|Any CPU.Build.0 = Release|Any CPU
		{5071239B-F80C-462B-8228-38AEBAFEBE1B}.Debug|Any CPU.ActiveCfg = Debug|Any CPU
		{5071239B-F80C-462B-8228-38AEBAFEBE1B}.Debug|Any CPU.Build.0 = Debug|Any CPU
		{5071239B-F80C-462B-8228-38AEBAFEBE1B}.Release|Any CPU.ActiveCfg = Release|Any CPU
		{5071239B-F80C-462B-8228-38AEBAFEBE1B}.Release|Any CPU.Build.0 = Release|Any CPU
		{D16C7092-656E-4C1A-80D5-C80AD48279AC}.Debug|Any CPU.ActiveCfg = Debug|Any CPU
		{D16C7092-656E-4C1A-80D5-C80AD48279AC}.Debug|Any CPU.Build.0 = Debug|Any CPU
		{D16C7092-656E-4C1A-80D5-C80AD48279AC}.Release|Any CPU.ActiveCfg = Release|Any CPU
		{D16C7092-656E-4C1A-80D5-C80AD48279AC}.Release|Any CPU.Build.0 = Release|Any CPU
		{3C40ED05-5709-4A77-816E-25FDDA75D708}.Debug|Any CPU.ActiveCfg = Debug|Any CPU
		{3C40ED05-5709-4A77-816E-25FDDA75D708}.Debug|Any CPU.Build.0 = Debug|Any CPU
		{3C40ED05-5709-4A77-816E-25FDDA75D708}.Release|Any CPU.ActiveCfg = Release|Any CPU
		{3C40ED05-5709-4A77-816E-25FDDA75D708}.Release|Any CPU.Build.0 = Release|Any CPU
		{4005D7F3-B8B7-430B-B380-8868F4FAC390}.Debug|Any CPU.ActiveCfg = Debug|Any CPU
		{4005D7F3-B8B7-430B-B380-8868F4FAC390}.Debug|Any CPU.Build.0 = Debug|Any CPU
		{4005D7F3-B8B7-430B-B380-8868F4FAC390}.Release|Any CPU.ActiveCfg = Release|Any CPU
		{4005D7F3-B8B7-430B-B380-8868F4FAC390}.Release|Any CPU.Build.0 = Release|Any CPU
		{F02CFD1A-DDA1-4E75-A962-0F05A59C5872}.Debug|Any CPU.ActiveCfg = Debug|Any CPU
		{F02CFD1A-DDA1-4E75-A962-0F05A59C5872}.Debug|Any CPU.Build.0 = Debug|Any CPU
		{F02CFD1A-DDA1-4E75-A962-0F05A59C5872}.Release|Any CPU.ActiveCfg = Release|Any CPU
		{F02CFD1A-DDA1-4E75-A962-0F05A59C5872}.Release|Any CPU.Build.0 = Release|Any CPU
		{E2546D74-F074-41A6-B737-CE40EB3D4716}.Debug|Any CPU.ActiveCfg = Debug|Any CPU
		{E2546D74-F074-41A6-B737-CE40EB3D4716}.Debug|Any CPU.Build.0 = Debug|Any CPU
		{E2546D74-F074-41A6-B737-CE40EB3D4716}.Release|Any CPU.ActiveCfg = Release|Any CPU
		{E2546D74-F074-41A6-B737-CE40EB3D4716}.Release|Any CPU.Build.0 = Release|Any CPU
		{7A02E041-C2C9-4780-BD6D-514F4C2ACD8D}.Debug|Any CPU.ActiveCfg = Debug|Any CPU
		{7A02E041-C2C9-4780-BD6D-514F4C2ACD8D}.Debug|Any CPU.Build.0 = Debug|Any CPU
		{7A02E041-C2C9-4780-BD6D-514F4C2ACD8D}.Release|Any CPU.ActiveCfg = Release|Any CPU
		{7A02E041-C2C9-4780-BD6D-514F4C2ACD8D}.Release|Any CPU.Build.0 = Release|Any CPU
		{DDFB867F-CB36-4CA2-9B53-7BCD9D48CE01}.Debug|Any CPU.ActiveCfg = Debug|Any CPU
		{DDFB867F-CB36-4CA2-9B53-7BCD9D48CE01}.Debug|Any CPU.Build.0 = Debug|Any CPU
		{DDFB867F-CB36-4CA2-9B53-7BCD9D48CE01}.Release|Any CPU.ActiveCfg = Release|Any CPU
		{DDFB867F-CB36-4CA2-9B53-7BCD9D48CE01}.Release|Any CPU.Build.0 = Release|Any CPU
		{D1595897-CB32-4274-ABBB-8C5350608D8D}.Debug|Any CPU.ActiveCfg = Debug|Any CPU
		{D1595897-CB32-4274-ABBB-8C5350608D8D}.Debug|Any CPU.Build.0 = Debug|Any CPU
		{D1595897-CB32-4274-ABBB-8C5350608D8D}.Release|Any CPU.ActiveCfg = Release|Any CPU
		{D1595897-CB32-4274-ABBB-8C5350608D8D}.Release|Any CPU.Build.0 = Release|Any CPU
	EndGlobalSection
	GlobalSection(SolutionProperties) = preSolution
		HideSolutionNode = FALSE
	EndGlobalSection
	GlobalSection(NestedProjects) = preSolution
		{ADD9A5B7-0EDF-408E-AB24-5133390716DE} = {8ED3F762-7F16-4B01-BB4B-F18D1FDAA0E0}
		{A199342B-FE88-4DF6-A67B-240EAA949F21} = {A54FD611-FBF3-47F0-8182-56B8EEFAA272}
		{BC6C3F13-C398-4E5B-9DDA-AE0CA83FF750} = {A54FD611-FBF3-47F0-8182-56B8EEFAA272}
		{BAF92E47-CD3F-4227-AD53-839BAC724211} = {1999612C-CA5D-469F-8852-FE3AA9E80521}
		{7720306E-8DF0-4248-BCA4-DDCB358D95A9} = {1999612C-CA5D-469F-8852-FE3AA9E80521}
		{FA2D4715-5AA0-42D4-ACCE-21E16E6174B6} = {1999612C-CA5D-469F-8852-FE3AA9E80521}
		{E171512C-FAB5-49D2-BC74-2DEA61DB9C86} = {2DF86360-3AD8-4BAD-8CB1-D07C76B6BC1D}
		{29D89AA0-2370-4AF5-BE36-799BAD7E8D42} = {0AEC8391-D0DB-4A4E-91EC-F9AA34C6959E}
		{36A4384E-A151-4CFF-9BE4-E710F2A455D1} = {0AEC8391-D0DB-4A4E-91EC-F9AA34C6959E}
		{5071239B-F80C-462B-8228-38AEBAFEBE1B} = {0AEC8391-D0DB-4A4E-91EC-F9AA34C6959E}
		{574E3A8D-28E2-47DF-A20D-7B81E551D683} = {8ED3F762-7F16-4B01-BB4B-F18D1FDAA0E0}
		{4149AA14-F7F2-46BD-8298-EA6BCC2F047C} = {574E3A8D-28E2-47DF-A20D-7B81E551D683}
		{D16C7092-656E-4C1A-80D5-C80AD48279AC} = {2DF86360-3AD8-4BAD-8CB1-D07C76B6BC1D}
		{3C40ED05-5709-4A77-816E-25FDDA75D708} = {2DF86360-3AD8-4BAD-8CB1-D07C76B6BC1D}
		{4005D7F3-B8B7-430B-B380-8868F4FAC390} = {90189B6D-E92F-44AC-91BC-046844819A07}
		{F02CFD1A-DDA1-4E75-A962-0F05A59C5872} = {AB9002E7-6614-4C60-A980-9EBFC48CF3C2}
		{E2546D74-F074-41A6-B737-CE40EB3D4716} = {0AEC8391-D0DB-4A4E-91EC-F9AA34C6959E}
		{7A02E041-C2C9-4780-BD6D-514F4C2ACD8D} = {AB9002E7-6614-4C60-A980-9EBFC48CF3C2}
		{0AEC8391-D0DB-4A4E-91EC-F9AA34C6959E} = {90189B6D-E92F-44AC-91BC-046844819A07}
		{AB9002E7-6614-4C60-A980-9EBFC48CF3C2} = {90189B6D-E92F-44AC-91BC-046844819A07}
		{DDFB867F-CB36-4CA2-9B53-7BCD9D48CE01} = {0AEC8391-D0DB-4A4E-91EC-F9AA34C6959E}
		{D1595897-CB32-4274-ABBB-8C5350608D8D} = {AB9002E7-6614-4C60-A980-9EBFC48CF3C2}
		{4FC7980A-AA10-4F49-A2C4-84E6AD81D05A} = {8ED3F762-7F16-4B01-BB4B-F18D1FDAA0E0}
	EndGlobalSection
	GlobalSection(ExtensibilityGlobals) = postSolution
		SolutionGuid = {152BF270-137A-4384-9C51-A10D7F2AC823}
	EndGlobalSection
EndGlobal
